NeoBundleLock ack.vim 923507cadc0b8b73b238db67a28a7ed00194f319
NeoBundleLock ag.vim e70862d6436e8d7e9166208a703b5d60a5b384ab
NeoBundleLock ctrlp.vim b5d3fe66a58a13d2ff8b6391f4387608496a030f
NeoBundleLock neobundle.vim 02bd438c42748980d21f6a01860f383e9cc62335
NeoBundleLock nerdcommenter 6549cfde45339bd4f711504196ff3e8b766ef5e6
NeoBundleLock nerdtree af85499edace2acca27ce41790ac333f62b689bb
NeoBundleLock puppet-syntax-vim f36cf6936bf8667d6b86f84e1b81673e80e1f704
NeoBundleLock salt-vim e6648ab787f79eb7de264265aa85f32018bfc9f5
NeoBundleLock syntastic b8682c3029de5913e0a63a45e5f4d6f3b5e4920e
NeoBundleLock tabular 60f25648814f0695eeb6c1040d97adca93c4e0bb
NeoBundleLock unite.vim 66196701d05e7b941607ca28b1dcc67ef7c5c133
NeoBundleLock vim-airline 17db86f1234209f8589ca50f2519b0f3b383fa8b
NeoBundleLock vim-cjsx 60e698207d33699fbec0c44a13b72a2a053c60bb
NeoBundleLock vim-coffee-script 32fe889b8cafd3a4921ef8e6485156453ff58c42
NeoBundleLock vim-easymotion 9f1c449edfce6d61c7f620e3a9c1389b7b7e334f
NeoBundleLock vim-fugitive 1c844375fa2762e3b7c16294fa36afee6fef28b1
NeoBundleLock vim-go 3df3cbf2e7ab9d76fd67f9f4077060b4450ba90c
NeoBundleLock vim-jade 0aa231c9a5eef0a0943a1b4d16fd1e881f54f08f
NeoBundleLock vim-javascript 8a409f7fd89de746296a92218183dc69fb6e3d93
NeoBundleLock vim-jst eb25d585c9ff0f5152cea4c64c2db2228c7347bf
NeoBundleLock vim-jsx 6e761f4e6f6539a6e842e5ffe15948d19695a052
NeoBundleLock vim-mustache-handlebars 6062b5b69de279f1c88c7ed312bfd6034504c071
NeoBundleLock vim-protobuf 3d32dd7f84b55e5004ef538330d6387d8b16de6a
NeoBundleLock vim-surround 772ab9587b7d1e2c3bae75395c9123803059ba8a
NeoBundleLock vim-yaml 4b37a4fa8a91c44b517e3fb6de3ebba5e02ec9fb
NeoBundleLock vimproc c286dcbdfca9e0ee1a4cb90f09c3f03638112f5a
NeoBundleLock vimshell 3787e52766812d8b99a93ccdda57517bc2a0bab6
