NeoBundleLock vimproc eb2bc419dcac5ebf2db99794195e558f4ce204f8
NeoBundleLock ag.vim d3a00f8affb091e7a14eb34f1beb9db9bb57a4bf
NeoBundleLock unite.vim a77df27ce9304da1b2e6060784fa14ec7dc87aed
NeoBundleLock vim-easymotion ca1bb25ea734f61a2d7c528cd9fe1b4088c931b8
NeoBundleLock vim-airline 17db86f1234209f8589ca50f2519b0f3b383fa8b
NeoBundleLock ctrlp.vim b5d3fe66a58a13d2ff8b6391f4387608496a030f
NeoBundleLock tabular 60f25648814f0695eeb6c1040d97adca93c4e0bb
NeoBundleLock vim-javascript 977e220b371938b81acb728eee36987c6fe4034a
NeoBundleLock vim-jade f0ca7b562052a661b35dee50bcf31eeaf8558201
NeoBundleLock syntastic 67ffe58818930e95163ead541a2700cec41c13f7
NeoBundleLock vim-surround fa433e0b7330753688f715f3be5d10dc480f20e5
NeoBundleLock ack.vim 303bceff1c8ab1145d114083582b1aeac9de7a85
NeoBundleLock vim-fugitive 2c8461db084d205903a792a23163faa546f143c9
NeoBundleLock vim-cjsx 60e698207d33699fbec0c44a13b72a2a053c60bb
NeoBundleLock nerdcommenter 6549cfde45339bd4f711504196ff3e8b766ef5e6
NeoBundleLock vimshell 3787e52766812d8b99a93ccdda57517bc2a0bab6
NeoBundleLock nerdtree 3b98a7fcae8f9fff356907171f0406ff8cd28921
NeoBundleLock vim-jst a0c3283be10c2bb6ac2247f09f16e7b7b034d902
NeoBundleLock puppet-syntax-vim f36cf6936bf8667d6b86f84e1b81673e80e1f704
NeoBundleLock vim-go 27a8b46fb98657bd3de79d610b1eb61709ee04df
NeoBundleLock vim-coffee-script 827e4a38b07479433b619091469a7495a392df8a
NeoBundleLock neobundle.vim b586735787525c8a2b1205cdc2d083fd649b732e
NeoBundleLock salt-vim 20695f68e5895e5ae2b5884b78f5a2cd29897b05
NeoBundleLock vim-mustache-handlebars 291e49908af86f2805d1a93b6a476f04906e28e1
