NeoBundleLock Dockerfile.vim 1e2fdce5942da5ccc90ecd3ac99b6a3c58d52a4d
NeoBundleLock ack.vim eede0425f50d92be89ee8fb4560a5afb707c2a54
NeoBundleLock ag.vim 4a0dd6e190f446e5a016b44fdaa2feafc582918e
NeoBundleLock ctrlp.vim 564176f01d7f3f7f8ab452ff4e1f5314de7b0981
NeoBundleLock es.next.syntax.vim edd51d814ef6e3a13f4b59ca1bd0c761340ca927
NeoBundleLock neobundle.vim 1d67a4b1bda8af557c30af249af8504d3cf22073
NeoBundleLock nerdcommenter fdc611c8f4dbb5bed57fe95d076cf82e9bcb5e7d
NeoBundleLock nerdtree af64474ebd604e817e3242a79f23c06a5d48d927
NeoBundleLock syntastic 59cc80a8f7f7544a364814622dc62efd00d17ca4
NeoBundleLock tabular 00e1e7fcdbc6d753e0bc8043e0d2546fa81bf367
NeoBundleLock unite.vim 504edce8c33207c522d6fe8f7864e0c25f25757f
NeoBundleLock vim-airline 17db86f1234209f8589ca50f2519b0f3b383fa8b
NeoBundleLock vim-easymotion 5c6f3cd9a713491e6b32752a05c45198aa91540a
NeoBundleLock vim-fugitive aac85a268e89a6c8be79341e130ac90256fadbd6
NeoBundleLock vim-go 6ca2577516a7e306a6e46d59533fa3b0e5a35d39
NeoBundleLock vim-js-indent 7770c0c51583344ac887527101ebd19b79a73f23
NeoBundleLock vim-protobuf 49dc27eb86040f6d0410d36bd5b959381e9688f3
NeoBundleLock vim-surround e49d6c2459e0f5569ff2d533b4df995dd7f98313
NeoBundleLock vim-yaml 4b37a4fa8a91c44b517e3fb6de3ebba5e02ec9fb
NeoBundleLock vimproc 25cb83f24edec4aec1e9f1329302235e7a7a7fe0
NeoBundleLock vimshell 3787e52766812d8b99a93ccdda57517bc2a0bab6
NeoBundleLock yajs.vim 2cc825ae00864bacc6fa8bd0fe558845cb5a25a5
